
Microsoft Visual Studio Solution File, Format Version 12.00
# Visual Studio Version 17
VisualStudioVersion = 17.4.33403.182
MinimumVisualStudioVersion = 10.0.40219.1
Project("{FAE04EC0-301F-11D3-BF4B-00C04F79EFBC}") = "EJERCICIIO EN CLASE", "EJERCICIIO EN CLASE\EJERCICIIO EN CLASE.csproj", "{04C475CE-0209-4B30-A1AD-F404A5E8E8B5}"
EndProject
Global
	GlobalSection(SolutionConfigurationPlatforms) = preSolution
		Debug|Any CPU = Debug|Any CPU
		Release|Any CPU = Release|Any CPU
	EndGlobalSection
	GlobalSection(ProjectConfigurationPlatforms) = postSolution
		{04C475CE-0209-4B30-A1AD-F404A5E8E8B5}.Debug|Any CPU.ActiveCfg = Debug|Any CPU
		{04C475CE-0209-4B30-A1AD-F404A5E8E8B5}.Debug|Any CPU.Build.0 = Debug|Any CPU
		{04C475CE-0209-4B30-A1AD-F404A5E8E8B5}.Release|Any CPU.ActiveCfg = Release|Any CPU
		{04C475CE-0209-4B30-A1AD-F404A5E8E8B5}.Release|Any CPU.Build.0 = Release|Any CPU
	EndGlobalSection
	GlobalSection(SolutionProperties) = preSolution
		HideSolutionNode = FALSE
	EndGlobalSection
	GlobalSection(ExtensibilityGlobals) = postSolution
		SolutionGuid = {C25CE20F-DE67-4663-ABAC-C5FC0CA1B325}
	EndGlobalSection
EndGlobal
